
Microsoft Visual Studio Solution File, Format Version 12.00
Project("{FAE04EC0-301F-11D3-BF4B-00C04F79EFBC}") = "libHitron2", "libHitron2\libHitron2.csproj", "{C0EC29CE-D2DF-4C8E-AA8A-2443C195D011}"
EndProject
Project("{FAE04EC0-301F-11D3-BF4B-00C04F79EFBC}") = "libHitronClient", "libHitronClient\libHitronClient.csproj", "{403DF00F-382D-4EBE-81F2-14FFDFE67553}"
EndProject
Global
	GlobalSection(SolutionConfigurationPlatforms) = preSolution
		Debug|Any CPU = Debug|Any CPU
		Release|Any CPU = Release|Any CPU
	EndGlobalSection
	GlobalSection(ProjectConfigurationPlatforms) = postSolution
		{C0EC29CE-D2DF-4C8E-AA8A-2443C195D011}.Debug|Any CPU.ActiveCfg = Debug|Any CPU
		{C0EC29CE-D2DF-4C8E-AA8A-2443C195D011}.Debug|Any CPU.Build.0 = Debug|Any CPU
		{C0EC29CE-D2DF-4C8E-AA8A-2443C195D011}.Release|Any CPU.ActiveCfg = Release|Any CPU
		{C0EC29CE-D2DF-4C8E-AA8A-2443C195D011}.Release|Any CPU.Build.0 = Release|Any CPU
		{403DF00F-382D-4EBE-81F2-14FFDFE67553}.Debug|Any CPU.ActiveCfg = Debug|Any CPU
		{403DF00F-382D-4EBE-81F2-14FFDFE67553}.Debug|Any CPU.Build.0 = Debug|Any CPU
		{403DF00F-382D-4EBE-81F2-14FFDFE67553}.Release|Any CPU.ActiveCfg = Release|Any CPU
		{403DF00F-382D-4EBE-81F2-14FFDFE67553}.Release|Any CPU.Build.0 = Release|Any CPU
	EndGlobalSection
EndGlobal
